{
  "name": "email-routing-extractor-pharsing",
  "version": "1.0.0",
  "lockfileVersion": 3,
  "requires": true,
  "packages": {
    "": {
      "name": "email-routing-extractor-pharsing",
      "version": "1.0.0",
      "license": "ISC",
      "dependencies": {
        "@onedaydevelopers/otp-detector": "^1.1.1",
        "postal-mime": "^2.7.5"
      }
    },
    "node_modules/@onedaydevelopers/otp-detector": {
      "version": "1.1.1",
      "resolved": "https://registry.npmjs.org/@onedaydevelopers/otp-detector/-/otp-detector-1.1.1.tgz",
      "integrity": "sha512-Y+HgU1SSZpKZb00V7fIXaA3PHAqCte2L3wnK/F0bW06J/AXZKhnJ6OiFr8FYktEiizTVO5r6XDCVpGjs3EgE8w==",
      "license": "MIT"
    },
    "node_modules/postal-mime": {
      "version": "2.7.5",
      "resolved": "https://registry.npmjs.org/postal-mime/-/postal-mime-2.7.5.tgz",
      "integrity": "sha512-GNEXKvWFQnbgO5NlrGzVa0FmWzBZ24PersAWErttSg1Hjpf0ATxTwS5DOMGaOpTG6bUh5cTr7xi0jAD942wCJA==",
      "license": "MIT-0"
    }
  }
}
